
Microsoft Visual Studio Solution File, Format Version 12.00
# Visual Studio Version 17
VisualStudioVersion = 17.2.32519.379
MinimumVisualStudioVersion = 10.0.40219.1
Project("{FAE04EC0-301F-11D3-BF4B-00C04F79EFBC}") = "Spargo.Maksim.Kulebyakin.Test.Task", "Spargo.Maksim.Kulebyakin.Test.Task\Spargo.Maksim.Kulebyakin.Test.Task.csproj", "{D41A9BE5-F3A0-44B3-9B0F-C8E7C24B3841}"
EndProject
Project("{2150E333-8FDC-42A3-9474-1A3956D46DE8}") = "PL", "PL", "{4EC6FEBE-83E8-44C8-8651-300A987331D6}"
EndProject
Project("{2150E333-8FDC-42A3-9474-1A3956D46DE8}") = "BLL", "BLL", "{F7A49911-590A-446A-8835-615FC0653A93}"
EndProject
Project("{2150E333-8FDC-42A3-9474-1A3956D46DE8}") = "DAL", "DAL", "{2123C522-5895-4662-B19B-68079BBFB425}"
EndProject
Project("{2150E333-8FDC-42A3-9474-1A3956D46DE8}") = "Contracts", "Contracts", "{C4325DFF-F287-4D3E-B047-D304F96EDB5D}"
EndProject
Project("{2150E333-8FDC-42A3-9474-1A3956D46DE8}") = "Handlers", "Handlers", "{79C90D66-A685-45F3-A9A3-C13B58591471}"
EndProject
Project("{2150E333-8FDC-42A3-9474-1A3956D46DE8}") = "Entities", "Entities", "{8FB9D4DD-427C-4350-B8DE-6B576ABDC7F8}"
EndProject
Project("{2150E333-8FDC-42A3-9474-1A3956D46DE8}") = "Core", "Core", "{2FADE169-EEFC-4567-B8E4-A15771BF69F6}"
EndProject
Project("{FAE04EC0-301F-11D3-BF4B-00C04F79EFBC}") = "Entities", "Entities\Entities.csproj", "{743B87A3-F0E6-41FB-B6B0-E63F7C234B8A}"
EndProject
Project("{FAE04EC0-301F-11D3-BF4B-00C04F79EFBC}") = "BL", "BL\BL.csproj", "{DF265B59-3277-430A-A9ED-0468F0A152FF}"
EndProject
Project("{FAE04EC0-301F-11D3-BF4B-00C04F79EFBC}") = "Contracts", "Contracts\Contracts.csproj", "{C2286D4E-236A-44C6-9955-06D2714FEDA4}"
EndProject
Project("{FAE04EC0-301F-11D3-BF4B-00C04F79EFBC}") = "DAO", "DAO\DAO.csproj", "{E19B2E73-C7B7-40CF-8049-87940373C855}"
EndProject
Project("{2150E333-8FDC-42A3-9474-1A3956D46DE8}") = "Contracts", "Contracts", "{A888DAF4-51AD-4382-9D1B-97753C9FBDCB}"
EndProject
Project("{2150E333-8FDC-42A3-9474-1A3956D46DE8}") = "Handlers", "Handlers", "{6996C1AF-A8E0-4A14-9439-E3A797389F4B}"
EndProject
Project("{FAE04EC0-301F-11D3-BF4B-00C04F79EFBC}") = "DataContracts", "DataContracts\DataContracts.csproj", "{0582FD47-4A69-4820-9E5C-92BD6484CE27}"
EndProject
Project("{2150E333-8FDC-42A3-9474-1A3956D46DE8}") = "Services", "Services", "{D6B98AE5-39A1-473F-A57E-553B51EC75C2}"
EndProject
Project("{FAE04EC0-301F-11D3-BF4B-00C04F79EFBC}") = "Common", "DependencyResolver\Common.csproj", "{A67E16AB-5F43-4160-B78F-13C2131605AC}"
EndProject
Global
	GlobalSection(SolutionConfigurationPlatforms) = preSolution
		Debug|Any CPU = Debug|Any CPU
		Release|Any CPU = Release|Any CPU
	EndGlobalSection
	GlobalSection(ProjectConfigurationPlatforms) = postSolution
		{D41A9BE5-F3A0-44B3-9B0F-C8E7C24B3841}.Debug|Any CPU.ActiveCfg = Debug|Any CPU
		{D41A9BE5-F3A0-44B3-9B0F-C8E7C24B3841}.Debug|Any CPU.Build.0 = Debug|Any CPU
		{D41A9BE5-F3A0-44B3-9B0F-C8E7C24B3841}.Release|Any CPU.ActiveCfg = Release|Any CPU
		{D41A9BE5-F3A0-44B3-9B0F-C8E7C24B3841}.Release|Any CPU.Build.0 = Release|Any CPU
		{743B87A3-F0E6-41FB-B6B0-E63F7C234B8A}.Debug|Any CPU.ActiveCfg = Debug|Any CPU
		{743B87A3-F0E6-41FB-B6B0-E63F7C234B8A}.Debug|Any CPU.Build.0 = Debug|Any CPU
		{743B87A3-F0E6-41FB-B6B0-E63F7C234B8A}.Release|Any CPU.ActiveCfg = Release|Any CPU
		{743B87A3-F0E6-41FB-B6B0-E63F7C234B8A}.Release|Any CPU.Build.0 = Release|Any CPU
		{DF265B59-3277-430A-A9ED-0468F0A152FF}.Debug|Any CPU.ActiveCfg = Debug|Any CPU
		{DF265B59-3277-430A-A9ED-0468F0A152FF}.Debug|Any CPU.Build.0 = Debug|Any CPU
		{DF265B59-3277-430A-A9ED-0468F0A152FF}.Release|Any CPU.ActiveCfg = Release|Any CPU
		{DF265B59-3277-430A-A9ED-0468F0A152FF}.Release|Any CPU.Build.0 = Release|Any CPU
		{C2286D4E-236A-44C6-9955-06D2714FEDA4}.Debug|Any CPU.ActiveCfg = Debug|Any CPU
		{C2286D4E-236A-44C6-9955-06D2714FEDA4}.Debug|Any CPU.Build.0 = Debug|Any CPU
		{C2286D4E-236A-44C6-9955-06D2714FEDA4}.Release|Any CPU.ActiveCfg = Release|Any CPU
		{C2286D4E-236A-44C6-9955-06D2714FEDA4}.Release|Any CPU.Build.0 = Release|Any CPU
		{E19B2E73-C7B7-40CF-8049-87940373C855}.Debug|Any CPU.ActiveCfg = Debug|Any CPU
		{E19B2E73-C7B7-40CF-8049-87940373C855}.Debug|Any CPU.Build.0 = Debug|Any CPU
		{E19B2E73-C7B7-40CF-8049-87940373C855}.Release|Any CPU.ActiveCfg = Release|Any CPU
		{E19B2E73-C7B7-40CF-8049-87940373C855}.Release|Any CPU.Build.0 = Release|Any CPU
		{0582FD47-4A69-4820-9E5C-92BD6484CE27}.Debug|Any CPU.ActiveCfg = Debug|Any CPU
		{0582FD47-4A69-4820-9E5C-92BD6484CE27}.Debug|Any CPU.Build.0 = Debug|Any CPU
		{0582FD47-4A69-4820-9E5C-92BD6484CE27}.Release|Any CPU.ActiveCfg = Release|Any CPU
		{0582FD47-4A69-4820-9E5C-92BD6484CE27}.Release|Any CPU.Build.0 = Release|Any CPU
		{A67E16AB-5F43-4160-B78F-13C2131605AC}.Debug|Any CPU.ActiveCfg = Debug|Any CPU
		{A67E16AB-5F43-4160-B78F-13C2131605AC}.Debug|Any CPU.Build.0 = Debug|Any CPU
		{A67E16AB-5F43-4160-B78F-13C2131605AC}.Release|Any CPU.ActiveCfg = Release|Any CPU
		{A67E16AB-5F43-4160-B78F-13C2131605AC}.Release|Any CPU.Build.0 = Release|Any CPU
	EndGlobalSection
	GlobalSection(SolutionProperties) = preSolution
		HideSolutionNode = FALSE
	EndGlobalSection
	GlobalSection(NestedProjects) = preSolution
		{D41A9BE5-F3A0-44B3-9B0F-C8E7C24B3841} = {4EC6FEBE-83E8-44C8-8651-300A987331D6}
		{C4325DFF-F287-4D3E-B047-D304F96EDB5D} = {F7A49911-590A-446A-8835-615FC0653A93}
		{79C90D66-A685-45F3-A9A3-C13B58591471} = {F7A49911-590A-446A-8835-615FC0653A93}
		{8FB9D4DD-427C-4350-B8DE-6B576ABDC7F8} = {2FADE169-EEFC-4567-B8E4-A15771BF69F6}
		{743B87A3-F0E6-41FB-B6B0-E63F7C234B8A} = {8FB9D4DD-427C-4350-B8DE-6B576ABDC7F8}
		{DF265B59-3277-430A-A9ED-0468F0A152FF} = {79C90D66-A685-45F3-A9A3-C13B58591471}
		{C2286D4E-236A-44C6-9955-06D2714FEDA4} = {C4325DFF-F287-4D3E-B047-D304F96EDB5D}
		{E19B2E73-C7B7-40CF-8049-87940373C855} = {6996C1AF-A8E0-4A14-9439-E3A797389F4B}
		{A888DAF4-51AD-4382-9D1B-97753C9FBDCB} = {2123C522-5895-4662-B19B-68079BBFB425}
		{6996C1AF-A8E0-4A14-9439-E3A797389F4B} = {2123C522-5895-4662-B19B-68079BBFB425}
		{0582FD47-4A69-4820-9E5C-92BD6484CE27} = {A888DAF4-51AD-4382-9D1B-97753C9FBDCB}
		{D6B98AE5-39A1-473F-A57E-553B51EC75C2} = {2FADE169-EEFC-4567-B8E4-A15771BF69F6}
		{A67E16AB-5F43-4160-B78F-13C2131605AC} = {D6B98AE5-39A1-473F-A57E-553B51EC75C2}
	EndGlobalSection
	GlobalSection(ExtensibilityGlobals) = postSolution
		SolutionGuid = {C67D7C10-3069-4525-9CBC-DA8D0530BBF0}
	EndGlobalSection
EndGlobal
